// !$*UTF8*$!
{
	archiveVersion = 1;
	classes = {
	};
	objectVersion = 50;
	objects = {

/* Begin PBXBuildFile section */
		1F91D690272168DC00868DA7 /* ArcticlePageViewController.swift in Sources */ = {isa = PBXBuildFile; fileRef = 1F91D68F272168DC00868DA7 /* ArcticlePageViewController.swift */; };
		1FDD9B512720595700CF8987 /* AppDelegate.swift in Sources */ = {isa = PBXBuildFile; fileRef = 1FDD9B502720595700CF8987 /* AppDelegate.swift */; };
		1FDD9B532720595700CF8987 /* SceneDelegate.swift in Sources */ = {isa = PBXBuildFile; fileRef = 1FDD9B522720595700CF8987 /* SceneDelegate.swift */; };
		1FDD9B582720595700CF8987 /* Main.storyboard in Resources */ = {isa = PBXBuildFile; fileRef = 1FDD9B562720595700CF8987 /* Main.storyboard */; };
		1FDD9B5A2720595800CF8987 /* Assets.xcassets in Resources */ = {isa = PBXBuildFile; fileRef = 1FDD9B592720595800CF8987 /* Assets.xcassets */; };
		1FDD9B5D2720595800CF8987 /* LaunchScreen.storyboard in Resources */ = {isa = PBXBuildFile; fileRef = 1FDD9B5B2720595800CF8987 /* LaunchScreen.storyboard */; };
		1FDD9B6727205B3300CF8987 /* Arcticle.swift in Sources */ = {isa = PBXBuildFile; fileRef = 1FDD9B6627205B3300CF8987 /* Arcticle.swift */; };
		1FDD9B6A27205DED00CF8987 /* ModelForArcticles.swift in Sources */ = {isa = PBXBuildFile; fileRef = 1FDD9B6927205DED00CF8987 /* ModelForArcticles.swift */; };
		1FDD9B6F2720850800CF8987 /* TableViewController.swift in Sources */ = {isa = PBXBuildFile; fileRef = 1FDD9B6E2720850800CF8987 /* TableViewController.swift */; };
		1FDD9B7227208ACB00CF8987 /* OneArcticleController.swift in Sources */ = {isa = PBXBuildFile; fileRef = 1FDD9B7127208ACB00CF8987 /* OneArcticleController.swift */; };
/* End PBXBuildFile section */

/* Begin PBXFileReference section */
		1F91D68F272168DC00868DA7 /* ArcticlePageViewController.swift */ = {isa = PBXFileReference; lastKnownFileType = sourcecode.swift; path = ArcticlePageViewController.swift; sourceTree = "<group>"; };
		1FDD9B4D2720595700CF8987 /* iosLab2.app */ = {isa = PBXFileReference; explicitFileType = wrapper.application; includeInIndex = 0; path = iosLab2.app; sourceTree = BUILT_PRODUCTS_DIR; };
		1FDD9B502720595700CF8987 /* AppDelegate.swift */ = {isa = PBXFileReference; lastKnownFileType = sourcecode.swift; path = AppDelegate.swift; sourceTree = "<group>"; };
		1FDD9B522720595700CF8987 /* SceneDelegate.swift */ = {isa = PBXFileReference; lastKnownFileType = sourcecode.swift; path = SceneDelegate.swift; sourceTree = "<group>"; };
		1FDD9B572720595700CF8987 /* Base */ = {isa = PBXFileReference; lastKnownFileType = file.storyboard; name = Base; path = Base.lproj/Main.storyboard; sourceTree = "<group>"; };
		1FDD9B592720595800CF8987 /* Assets.xcassets */ = {isa = PBXFileReference; lastKnownFileType = folder.assetcatalog; path = Assets.xcassets; sourceTree = "<group>"; };
		1FDD9B5C2720595800CF8987 /* Base */ = {isa = PBXFileReference; lastKnownFileType = file.storyboard; name = Base; path = Base.lproj/LaunchScreen.storyboard; sourceTree = "<group>"; };
		1FDD9B5E2720595800CF8987 /* Info.plist */ = {isa = PBXFileReference; lastKnownFileType = text.plist.xml; path = Info.plist; sourceTree = "<group>"; };
		1FDD9B6627205B3300CF8987 /* Arcticle.swift */ = {isa = PBXFileReference; lastKnownFileType = sourcecode.swift; path = Arcticle.swift; sourceTree = "<group>"; };
		1FDD9B6927205DED00CF8987 /* ModelForArcticles.swift */ = {isa = PBXFileReference; lastKnownFileType = sourcecode.swift; path = ModelForArcticles.swift; sourceTree = "<group>"; };
		1FDD9B6E2720850800CF8987 /* TableViewController.swift */ = {isa = PBXFileReference; lastKnownFileType = sourcecode.swift; path = TableViewController.swift; sourceTree = "<group>"; };
		1FDD9B7127208ACB00CF8987 /* OneArcticleController.swift */ = {isa = PBXFileReference; lastKnownFileType = sourcecode.swift; path = OneArcticleController.swift; sourceTree = "<group>"; };
/* End PBXFileReference section */

/* Begin PBXFrameworksBuildPhase section */
		1FDD9B4A2720595700CF8987 /* Frameworks */ = {
			isa = PBXFrameworksBuildPhase;
			buildActionMask = 2147483647;
			files = (
			);
			runOnlyForDeploymentPostprocessing = 0;
		};
/* End PBXFrameworksBuildPhase section */

/* Begin PBXGroup section */
		1FDD9B442720595700CF8987 = {
			isa = PBXGroup;
			children = (
				1FDD9B4F2720595700CF8987 /* iosLab2 */,
				1FDD9B4E2720595700CF8987 /* Products */,
			);
			sourceTree = "<group>";
		};
		1FDD9B4E2720595700CF8987 /* Products */ = {
			isa = PBXGroup;
			children = (
				1FDD9B4D2720595700CF8987 /* iosLab2.app */,
			);
			name = Products;
			sourceTree = "<group>";
		};
		1FDD9B4F2720595700CF8987 /* iosLab2 */ = {
			isa = PBXGroup;
			children = (
				1FDD9B652720597000CF8987 /* Model */,
				1FDD9B502720595700CF8987 /* AppDelegate.swift */,
				1FDD9B522720595700CF8987 /* SceneDelegate.swift */,
				1FDD9B562720595700CF8987 /* Main.storyboard */,
				1FDD9B592720595800CF8987 /* Assets.xcassets */,
				1FDD9B5B2720595800CF8987 /* LaunchScreen.storyboard */,
				1FDD9B5E2720595800CF8987 /* Info.plist */,
				1FDD9B6E2720850800CF8987 /* TableViewController.swift */,
				1FDD9B7127208ACB00CF8987 /* OneArcticleController.swift */,
				1F91D68F272168DC00868DA7 /* ArcticlePageViewController.swift */,
			);
			path = iosLab2;
			sourceTree = "<group>";
		};
		1FDD9B652720597000CF8987 /* Model */ = {
			isa = PBXGroup;
			children = (
				1FDD9B6627205B3300CF8987 /* Arcticle.swift */,
				1FDD9B6927205DED00CF8987 /* ModelForArcticles.swift */,
			);
			path = Model;
			sourceTree = "<group>";
		};
/* End PBXGroup section */

/* Begin PBXNativeTarget section */
		1FDD9B4C2720595700CF8987 /* iosLab2 */ = {
			isa = PBXNativeTarget;
			buildConfigurationList = 1FDD9B612720595800CF8987 /* Build configuration list for PBXNativeTarget "iosLab2" */;
			buildPhases = (
				1FDD9B492720595700CF8987 /* Sources */,
				1FDD9B4A2720595700CF8987 /* Frameworks */,
				1FDD9B4B2720595700CF8987 /* Resources */,
			);
			buildRules = (
			);
			dependencies = (
			);
			name = iosLab2;
			productName = iosLab2;
			productReference = 1FDD9B4D2720595700CF8987 /* iosLab2.app */;
			productType = "com.apple.product-type.application";
		};
/* End PBXNativeTarget section */

/* Begin PBXProject section */
		1FDD9B452720595700CF8987 /* Project object */ = {
			isa = PBXProject;
			attributes = {
				LastSwiftUpdateCheck = 1240;
				LastUpgradeCheck = 1240;
				TargetAttributes = {
					1FDD9B4C2720595700CF8987 = {
						CreatedOnToolsVersion = 12.4;
					};
				};
			};
			buildConfigurationList = 1FDD9B482720595700CF8987 /* Build configuration list for PBXProject "iosLab2" */;
			compatibilityVersion = "Xcode 9.3";
			developmentRegion = en;
			hasScannedForEncodings = 0;
			knownRegions = (
				en,
				Base,
			);
			mainGroup = 1FDD9B442720595700CF8987;
			productRefGroup = 1FDD9B4E2720595700CF8987 /* Products */;
			projectDirPath = "";
			projectRoot = "";
			targets = (
				1FDD9B4C2720595700CF8987 /* iosLab2 */,
			);
		};
/* End PBXProject section */

/* Begin PBXResourcesBuildPhase section */
		1FDD9B4B2720595700CF8987 /* Resources */ = {
			isa = PBXResourcesBuildPhase;
			buildActionMask = 2147483647;
			files = (
				1FDD9B5D2720595800CF8987 /* LaunchScreen.storyboard in Resources */,
				1FDD9B5A2720595800CF8987 /* Assets.xcassets in Resources */,
				1FDD9B582720595700CF8987 /* Main.storyboard in Resources */,
			);
			runOnlyForDeploymentPostprocessing = 0;
		};
/* End PBXResourcesBuildPhase section */

/* Begin PBXSourcesBuildPhase section */
		1FDD9B492720595700CF8987 /* Sources */ = {
			isa = PBXSourcesBuildPhase;
			buildActionMask = 2147483647;
			files = (
				1FDD9B6A27205DED00CF8987 /* ModelForArcticles.swift in Sources */,
				1FDD9B7227208ACB00CF8987 /* OneArcticleController.swift in Sources */,
				1FDD9B6727205B3300CF8987 /* Arcticle.swift in Sources */,
				1FDD9B512720595700CF8987 /* AppDelegate.swift in Sources */,
				1FDD9B6F2720850800CF8987 /* TableViewController.swift in Sources */,
				1FDD9B532720595700CF8987 /* SceneDelegate.swift in Sources */,
				1F91D690272168DC00868DA7 /* ArcticlePageViewController.swift in Sources */,
			);
			runOnlyForDeploymentPostprocessing = 0;
		};
/* End PBXSourcesBuildPhase section */

/* Begin PBXVariantGroup section */
		1FDD9B562720595700CF8987 /* Main.storyboard */ = {
			isa = PBXVariantGroup;
			children = (
				1FDD9B572720595700CF8987 /* Base */,
			);
			name = Main.storyboard;
			sourceTree = "<group>";
		};
		1FDD9B5B2720595800CF8987 /* LaunchScreen.storyboard */ = {
			isa = PBXVariantGroup;
			children = (
				1FDD9B5C2720595800CF8987 /* Base */,
			);
			name = LaunchScreen.storyboard;
			sourceTree = "<group>";
		};
/* End PBXVariantGroup section */

/* Begin XCBuildConfiguration section */
		1FDD9B5F2720595800CF8987 /* Debug */ = {
			isa = XCBuildConfiguration;
			buildSettings = {
				ALWAYS_SEARCH_USER_PATHS = NO;
				CLANG_ANALYZER_NONNULL = YES;
				CLANG_ANALYZER_NUMBER_OBJECT_CONVERSION = YES_AGGRESSIVE;
				CLANG_CXX_LANGUAGE_STANDARD = "gnu++14";
				CLANG_CXX_LIBRARY = "libc++";
				CLANG_ENABLE_MODULES = YES;
				CLANG_ENABLE_OBJC_ARC = YES;
				CLANG_ENABLE_OBJC_WEAK = YES;
				CLANG_WARN_BLOCK_CAPTURE_AUTORELEASING = YES;
				CLANG_WARN_BOOL_CONVERSION = YES;
				CLANG_WARN_COMMA = YES;
				CLANG_WARN_CONSTANT_CONVERSION = YES;
				CLANG_WARN_DEPRECATED_OBJC_IMPLEMENTATIONS = YES;
				CLANG_WARN_DIRECT_OBJC_ISA_USAGE = YES_ERROR;
				CLANG_WARN_DOCUMENTATION_COMMENTS = YES;
				CLANG_WARN_EMPTY_BODY = YES;
				CLANG_WARN_ENUM_CONVERSION = YES;
				CLANG_WARN_INFINITE_RECURSION = YES;
				CLANG_WARN_INT_CONVERSION = YES;
				CLANG_WARN_NON_LITERAL_NULL_CONVERSION = YES;
				CLANG_WARN_OBJC_IMPLICIT_RETAIN_SELF = YES;
				CLANG_WARN_OBJC_LITERAL_CONVERSION = YES;
				CLANG_WARN_OBJC_ROOT_CLASS = YES_ERROR;
				CLANG_WARN_QUOTED_INCLUDE_IN_FRAMEWORK_HEADER = YES;
				CLANG_WARN_RANGE_LOOP_ANALYSIS = YES;
				CLANG_WARN_STRICT_PROTOTYPES = YES;
				CLANG_WARN_SUSPICIOUS_MOVE = YES;
				CLANG_WARN_UNGUARDED_AVAILABILITY = YES_AGGRESSIVE;
				CLANG_WARN_UNREACHABLE_CODE = YES;
				CLANG_WARN__DUPLICATE_METHOD_MATCH = YES;
				COPY_PHASE_STRIP = NO;
				DEBUG_INFORMATION_FORMAT = dwarf;
				ENABLE_STRICT_OBJC_MSGSEND = YES;
				ENABLE_TESTABILITY = YES;
				GCC_C_LANGUAGE_STANDARD = gnu11;
				GCC_DYNAMIC_NO_PIC = NO;
				GCC_NO_COMMON_BLOCKS = YES;
				GCC_OPTIMIZATION_LEVEL = 0;
				GCC_PREPROCESSOR_DEFINITIONS = (
					"DEBUG=1",
					"$(inherited)",
				);
				GCC_WARN_64_TO_32_BIT_CONVERSION = YES;
				GCC_WARN_ABOUT_RETURN_TYPE = YES_ERROR;
				GCC_WARN_UNDECLARED_SELECTOR = YES;
				GCC_WARN_UNINITIALIZED_AUTOS = YES_AGGRESSIVE;
				GCC_WARN_UNUSED_FUNCTION = YES;
				GCC_WARN_UNUSED_VARIABLE = YES;
				IPHONEOS_DEPLOYMENT_TARGET = 14.4;
				MTL_ENABLE_DEBUG_INFO = INCLUDE_SOURCE;
				MTL_FAST_MATH = YES;
				ONLY_ACTIVE_ARCH = YES;
				SDKROOT = iphoneos;
				SWIFT_ACTIVE_COMPILATION_CONDITIONS = DEBUG;
				SWIFT_OPTIMIZATION_LEVEL = "-Onone";
			};
			name = Debug;
		};
		1FDD9B602720595800CF8987 /* Release */ = {
			isa = XCBuildConfiguration;
			buildSettings = {
				ALWAYS_SEARCH_USER_PATHS = NO;
				CLANG_ANALYZER_NONNULL = YES;
				CLANG_ANALYZER_NUMBER_OBJECT_CONVERSION = YES_AGGRESSIVE;
				CLANG_CXX_LANGUAGE_STANDARD = "gnu++14";
				CLANG_CXX_LIBRARY = "libc++";
				CLANG_ENABLE_MODULES = YES;
				CLANG_ENABLE_OBJC_ARC = YES;
				CLANG_ENABLE_OBJC_WEAK = YES;
				CLANG_WARN_BLOCK_CAPTURE_AUTORELEASING = YES;
				CLANG_WARN_BOOL_CONVERSION = YES;
				CLANG_WARN_COMMA = YES;
				CLANG_WARN_CONSTANT_CONVERSION = YES;
				CLANG_WARN_DEPRECATED_OBJC_IMPLEMENTATIONS = YES;
				CLANG_WARN_DIRECT_OBJC_ISA_USAGE = YES_ERROR;
				CLANG_WARN_DOCUMENTATION_COMMENTS = YES;
				CLANG_WARN_EMPTY_BODY = YES;
				CLANG_WARN_ENUM_CONVERSION = YES;
				CLANG_WARN_INFINITE_RECURSION = YES;
				CLANG_WARN_INT_CONVERSION = YES;
				CLANG_WARN_NON_LITERAL_NULL_CONVERSION = YES;
				CLANG_WARN_OBJC_IMPLICIT_RETAIN_SELF = YES;
				CLANG_WARN_OBJC_LITERAL_CONVERSION = YES;
				CLANG_WARN_OBJC_ROOT_CLASS = YES_ERROR;
				CLANG_WARN_QUOTED_INCLUDE_IN_FRAMEWORK_HEADER = YES;
				CLANG_WARN_RANGE_LOOP_ANALYSIS = YES;
				CLANG_WARN_STRICT_PROTOTYPES = YES;
				CLANG_WARN_SUSPICIOUS_MOVE = YES;
				CLANG_WARN_UNGUARDED_AVAILABILITY = YES_AGGRESSIVE;
				CLANG_WARN_UNREACHABLE_CODE = YES;
				CLANG_WARN__DUPLICATE_METHOD_MATCH = YES;
				COPY_PHASE_STRIP = NO;
				DEBUG_INFORMATION_FORMAT = "dwarf-with-dsym";
				ENABLE_NS_ASSERTIONS = NO;
				ENABLE_STRICT_OBJC_MSGSEND = YES;
				GCC_C_LANGUAGE_STANDARD = gnu11;
				GCC_NO_COMMON_BLOCKS = YES;
				GCC_WARN_64_TO_32_BIT_CONVERSION = YES;
				GCC_WARN_ABOUT_RETURN_TYPE = YES_ERROR;
				GCC_WARN_UNDECLARED_SELECTOR = YES;
				GCC_WARN_UNINITIALIZED_AUTOS = YES_AGGRESSIVE;
				GCC_WARN_UNUSED_FUNCTION = YES;
				GCC_WARN_UNUSED_VARIABLE = YES;
				IPHONEOS_DEPLOYMENT_TARGET = 14.4;
				MTL_ENABLE_DEBUG_INFO = NO;
				MTL_FAST_MATH = YES;
				SDKROOT = iphoneos;
				SWIFT_COMPILATION_MODE = wholemodule;
				SWIFT_OPTIMIZATION_LEVEL = "-O";
				VALIDATE_PRODUCT = YES;
			};
			name = Release;
		};
		1FDD9B622720595800CF8987 /* Debug */ = {
			isa = XCBuildConfiguration;
			buildSettings = {
				ASSETCATALOG_COMPILER_APPICON_NAME = AppIcon;
				ASSETCATALOG_COMPILER_GLOBAL_ACCENT_COLOR_NAME = AccentColor;
				CODE_SIGN_STYLE = Automatic;
				DEVELOPMENT_TEAM = 7R823W22ZY;
				INFOPLIST_FILE = iosLab2/Info.plist;
				LD_RUNPATH_SEARCH_PATHS = (
					"$(inherited)",
					"@executable_path/Frameworks",
				);
				PRODUCT_BUNDLE_IDENTIFIER = alex.iosLab2;
				PRODUCT_NAME = "$(TARGET_NAME)";
				SWIFT_VERSION = 5.0;
				TARGETED_DEVICE_FAMILY = "1,2";
			};
			name = Debug;
		};
		1FDD9B632720595800CF8987 /* Release */ = {
			isa = XCBuildConfiguration;
			buildSettings = {
				ASSETCATALOG_COMPILER_APPICON_NAME = AppIcon;
				ASSETCATALOG_COMPILER_GLOBAL_ACCENT_COLOR_NAME = AccentColor;
				CODE_SIGN_STYLE = Automatic;
				DEVELOPMENT_TEAM = 7R823W22ZY;
				INFOPLIST_FILE = iosLab2/Info.plist;
				LD_RUNPATH_SEARCH_PATHS = (
					"$(inherited)",
					"@executable_path/Frameworks",
				);
				PRODUCT_BUNDLE_IDENTIFIER = alex.iosLab2;
				PRODUCT_NAME = "$(TARGET_NAME)";
				SWIFT_VERSION = 5.0;
				TARGETED_DEVICE_FAMILY = "1,2";
			};
			name = Release;
		};
/* End XCBuildConfiguration section */

/* Begin XCConfigurationList section */
		1FDD9B482720595700CF8987 /* Build configuration list for PBXProject "iosLab2" */ = {
			isa = XCConfigurationList;
			buildConfigurations = (
				1FDD9B5F2720595800CF8987 /* Debug */,
				1FDD9B602720595800CF8987 /* Release */,
			);
			defaultConfigurationIsVisible = 0;
			defaultConfigurationName = Release;
		};
		1FDD9B612720595800CF8987 /* Build configuration list for PBXNativeTarget "iosLab2" */ = {
			isa = XCConfigurationList;
			buildConfigurations = (
				1FDD9B622720595800CF8987 /* Debug */,
				1FDD9B632720595800CF8987 /* Release */,
			);
			defaultConfigurationIsVisible = 0;
			defaultConfigurationName = Release;
		};
/* End XCConfigurationList section */
	};
	rootObject = 1FDD9B452720595700CF8987 /* Project object */;
}
